
Microsoft Visual Studio Solution File, Format Version 12.00
# Visual Studio Version 16
VisualStudioVersion = 16.0.30413.136
MinimumVisualStudioVersion = 10.0.40219.1
Project("{FAE04EC0-301F-11D3-BF4B-00C04F79EFBC}") = "Traveling.Android", "Traveling\Traveling.Android\Traveling.Android.csproj", "{C574FC18-95CB-4E47-B7F1-94DD3C0A1F65}"
EndProject
Project("{FAE04EC0-301F-11D3-BF4B-00C04F79EFBC}") = "Traveling", "Traveling\Traveling\Traveling.csproj", "{BEAD8A31-C5B8-402B-8361-6D057DA2092C}"
EndProject
Global
	GlobalSection(SolutionConfigurationPlatforms) = preSolution
		Debug|Any CPU = Debug|Any CPU
		Release|Any CPU = Release|Any CPU
	EndGlobalSection
	GlobalSection(ProjectConfigurationPlatforms) = postSolution
		{C574FC18-95CB-4E47-B7F1-94DD3C0A1F65}.Debug|Any CPU.ActiveCfg = Debug|Any CPU
		{C574FC18-95CB-4E47-B7F1-94DD3C0A1F65}.Debug|Any CPU.Build.0 = Debug|Any CPU
		{C574FC18-95CB-4E47-B7F1-94DD3C0A1F65}.Debug|Any CPU.Deploy.0 = Debug|Any CPU
		{C574FC18-95CB-4E47-B7F1-94DD3C0A1F65}.Release|Any CPU.ActiveCfg = Release|Any CPU
		{C574FC18-95CB-4E47-B7F1-94DD3C0A1F65}.Release|Any CPU.Build.0 = Release|Any CPU
		{C574FC18-95CB-4E47-B7F1-94DD3C0A1F65}.Release|Any CPU.Deploy.0 = Release|Any CPU
		{BEAD8A31-C5B8-402B-8361-6D057DA2092C}.Debug|Any CPU.ActiveCfg = Debug|Any CPU
		{BEAD8A31-C5B8-402B-8361-6D057DA2092C}.Debug|Any CPU.Build.0 = Debug|Any CPU
		{BEAD8A31-C5B8-402B-8361-6D057DA2092C}.Debug|Any CPU.Deploy.0 = Debug|Any CPU
		{BEAD8A31-C5B8-402B-8361-6D057DA2092C}.Release|Any CPU.ActiveCfg = Release|Any CPU
		{BEAD8A31-C5B8-402B-8361-6D057DA2092C}.Release|Any CPU.Build.0 = Release|Any CPU
		{BEAD8A31-C5B8-402B-8361-6D057DA2092C}.Release|Any CPU.Deploy.0 = Release|Any CPU
	EndGlobalSection
	GlobalSection(SolutionProperties) = preSolution
		HideSolutionNode = FALSE
	EndGlobalSection
	GlobalSection(ExtensibilityGlobals) = postSolution
		SolutionGuid = {C71F1185-2BEA-46E1-938B-87CCABB133F5}
	EndGlobalSection
EndGlobal
